
Microsoft Visual Studio Solution File, Format Version 12.00
# Visual Studio Version 16
VisualStudioVersion = 16.0.29709.97
MinimumVisualStudioVersion = 10.0.40219.1
Project("{8BC9CEB8-8B4A-11D0-8D11-00A0C91BC942}") = "cache-sim", "cache-sim.vcxproj", "{94586D4E-07CE-46A8-BF98-0564B960BFEE}"
EndProject
Global
	GlobalSection(SolutionConfigurationPlatforms) = preSolution
		Debug|x64 = Debug|x64
		Debug|x86 = Debug|x86
		Release|x64 = Release|x64
		Release|x86 = Release|x86
	EndGlobalSection
	GlobalSection(ProjectConfigurationPlatforms) = postSolution
		{94586D4E-07CE-46A8-BF98-0564B960BFEE}.Debug|x64.ActiveCfg = Debug|x64
		{94586D4E-07CE-46A8-BF98-0564B960BFEE}.Debug|x64.Build.0 = Debug|x64
		{94586D4E-07CE-46A8-BF98-0564B960BFEE}.Debug|x86.ActiveCfg = Debug|Win32
		{94586D4E-07CE-46A8-BF98-0564B960BFEE}.Debug|x86.Build.0 = Debug|Win32
		{94586D4E-07CE-46A8-BF98-0564B960BFEE}.Release|x64.ActiveCfg = Release|x64
		{94586D4E-07CE-46A8-BF98-0564B960BFEE}.Release|x64.Build.0 = Release|x64
		{94586D4E-07CE-46A8-BF98-0564B960BFEE}.Release|x86.ActiveCfg = Release|Win32
		{94586D4E-07CE-46A8-BF98-0564B960BFEE}.Release|x86.Build.0 = Release|Win32
	EndGlobalSection
	GlobalSection(SolutionProperties) = preSolution
		HideSolutionNode = FALSE
	EndGlobalSection
	GlobalSection(ExtensibilityGlobals) = postSolution
		SolutionGuid = {0A579816-A44B-4473-9F74-2E6C9B9B0791}
	EndGlobalSection
EndGlobal
